<?xml version="1.0" encoding="utf-8"?>
<Project ToolsVersion="4.0" xmlns="http://schemas.microsoft.com/developer/msbuild/2003">
  <ItemGroup>
    <Filter Include="types">
      <UniqueIdentifier>{41da401d-bd23-47ba-b855-ea18e77b5dee}</UniqueIdentifier>
    </Filter>
    <Filter Include="debugging">
      <UniqueIdentifier>{40daa48c-a26f-4320-91e7-bb621be47554}</UniqueIdentifier>
    </Filter>
    <Filter Include="threadpool">
      <UniqueIdentifier>{b2b3a4f8-d807-4674-afef-314d4075bfde}</UniqueIdentifier>
    </Filter>
    <Filter Include="scopeguard">
      <UniqueIdentifier>{c7f19672-7812-4342-bb3b-03fed44ff667}</UniqueIdentifier>
    </Filter>
    <Filter Include="algorithm">
      <UniqueIdentifier>{f89322e3-eaa4-4ec1-a7dc-dd4d8c845824}</UniqueIdentifier>
    </Filter>
    <Filter Include="event_distributor">
      <UniqueIdentifier>{fb790bb1-47f9-4291-8006-6cb68d12ba0b}</UniqueIdentifier>
    </Filter>
    <Filter Include="parsing">
      <UniqueIdentifier>{79b9eadd-e371-4ef6-9bc1-f69179bf479b}</UniqueIdentifier>
    </Filter>
    <Filter Include="json">
      <UniqueIdentifier>{c955b97f-4b37-4d30-b4be-a5cc88b0bb91}</UniqueIdentifier>
    </Filter>
  </ItemGroup>
  <ItemGroup>
    <ClInclude Include="types\string.h">
      <Filter>types</Filter>
    </ClInclude>
    <ClInclude Include="types\chartype.h">
      <Filter>types</Filter>
    </ClInclude>
    <ClInclude Include="debugging\debug_impl.h">
      <Filter>debugging</Filter>
    </ClInclude>
    <ClInclude Include="debugging\debug.h">
      <Filter>debugging</Filter>
    </ClInclude>
    <ClInclude Include="threadpool\threadpool.h">
      <Filter>threadpool</Filter>
    </ClInclude>
    <ClInclude Include="scopeguard\scopeguard.h">
      <Filter>scopeguard</Filter>
    </ClInclude>
    <ClInclude Include="algorithm\algorithm.h">
      <Filter>algorithm</Filter>
    </ClInclude>
    <ClInclude Include="event_distributor\registrator_intf.h">
      <Filter>event_distributor</Filter>
    </ClInclude>
    <ClInclude Include="event_distributor\event_distributor.h">
      <Filter>event_distributor</Filter>
    </ClInclude>
    <ClInclude Include="parsing\parsing.h">
      <Filter>parsing</Filter>
    </ClInclude>
    <ClInclude Include="json\value.h">
      <Filter>json</Filter>
    </ClInclude>
  </ItemGroup>
  <ItemGroup>
    <ClCompile Include="debugging\win_debug_impl.cpp">
      <Filter>debugging</Filter>
    </ClCompile>
  </ItemGroup>
</Project>